
Microsoft Visual Studio Solution File, Format Version 12.00
# Visual Studio Express 2012 for Web
Project("{FAE04EC0-301F-11D3-BF4B-00C04F79EFBC}") = "SALClassLib", "SALClassLib\SALClassLib.csproj", "{0076F261-C2D5-47E6-A221-3B335C5E0768}"
EndProject
Project("{FAE04EC0-301F-11D3-BF4B-00C04F79EFBC}") = "Utilitarios", "Utilitarios\Utilitarios.csproj", "{DD15586E-2A7B-4286-9687-2AF377E8C280}"
EndProject
Project("{FAE04EC0-301F-11D3-BF4B-00C04F79EFBC}") = "SALUnitTest", "SALUnitTest\SALUnitTest.csproj", "{62ABC0E3-ADC0-4400-A9C2-7FCDACB2C3DC}"
EndProject
Project("{FAE04EC0-301F-11D3-BF4B-00C04F79EFBC}") = "SALMvc", "SALMvc\SALMvc.csproj", "{C21DA84E-3680-4F60-91BD-82E60A64A8EA}"
EndProject
Project("{FAE04EC0-301F-11D3-BF4B-00C04F79EFBC}") = "SALMvc.Tests", "SALMvc.Tests\SALMvc.Tests.csproj", "{693AD7D4-9950-481A-A42D-CE6FF3155137}"
EndProject
Project("{2150E333-8FDC-42A3-9474-1A3956D46DE8}") = ".nuget", ".nuget", "{B3FF8D67-06BD-43F4-AF1A-F51473E77D6B}"
	ProjectSection(SolutionItems) = preProject
		.nuget\NuGet.Config = .nuget\NuGet.Config
		.nuget\NuGet.exe = .nuget\NuGet.exe
		.nuget\NuGet.targets = .nuget\NuGet.targets
	EndProjectSection
EndProject
Project("{FAE04EC0-301F-11D3-BF4B-00C04F79EFBC}") = "SALMvcMobile", "SALMvcMobile\SALMvcMobile.csproj", "{BE90658E-88AC-4BA4-86BD-878B77C6EE24}"
EndProject
Global
	GlobalSection(SolutionConfigurationPlatforms) = preSolution
		Debug|Any CPU = Debug|Any CPU
		Release|Any CPU = Release|Any CPU
	EndGlobalSection
	GlobalSection(ProjectConfigurationPlatforms) = postSolution
		{0076F261-C2D5-47E6-A221-3B335C5E0768}.Debug|Any CPU.ActiveCfg = Debug|Any CPU
		{0076F261-C2D5-47E6-A221-3B335C5E0768}.Debug|Any CPU.Build.0 = Debug|Any CPU
		{0076F261-C2D5-47E6-A221-3B335C5E0768}.Release|Any CPU.ActiveCfg = Release|Any CPU
		{0076F261-C2D5-47E6-A221-3B335C5E0768}.Release|Any CPU.Build.0 = Release|Any CPU
		{DD15586E-2A7B-4286-9687-2AF377E8C280}.Debug|Any CPU.ActiveCfg = Debug|Any CPU
		{DD15586E-2A7B-4286-9687-2AF377E8C280}.Debug|Any CPU.Build.0 = Debug|Any CPU
		{DD15586E-2A7B-4286-9687-2AF377E8C280}.Release|Any CPU.ActiveCfg = Release|Any CPU
		{DD15586E-2A7B-4286-9687-2AF377E8C280}.Release|Any CPU.Build.0 = Release|Any CPU
		{62ABC0E3-ADC0-4400-A9C2-7FCDACB2C3DC}.Debug|Any CPU.ActiveCfg = Debug|Any CPU
		{62ABC0E3-ADC0-4400-A9C2-7FCDACB2C3DC}.Debug|Any CPU.Build.0 = Debug|Any CPU
		{62ABC0E3-ADC0-4400-A9C2-7FCDACB2C3DC}.Release|Any CPU.ActiveCfg = Release|Any CPU
		{62ABC0E3-ADC0-4400-A9C2-7FCDACB2C3DC}.Release|Any CPU.Build.0 = Release|Any CPU
		{C21DA84E-3680-4F60-91BD-82E60A64A8EA}.Debug|Any CPU.ActiveCfg = Debug|Any CPU
		{C21DA84E-3680-4F60-91BD-82E60A64A8EA}.Debug|Any CPU.Build.0 = Debug|Any CPU
		{C21DA84E-3680-4F60-91BD-82E60A64A8EA}.Release|Any CPU.ActiveCfg = Release|Any CPU
		{C21DA84E-3680-4F60-91BD-82E60A64A8EA}.Release|Any CPU.Build.0 = Release|Any CPU
		{693AD7D4-9950-481A-A42D-CE6FF3155137}.Debug|Any CPU.ActiveCfg = Debug|Any CPU
		{693AD7D4-9950-481A-A42D-CE6FF3155137}.Debug|Any CPU.Build.0 = Debug|Any CPU
		{693AD7D4-9950-481A-A42D-CE6FF3155137}.Release|Any CPU.ActiveCfg = Release|Any CPU
		{693AD7D4-9950-481A-A42D-CE6FF3155137}.Release|Any CPU.Build.0 = Release|Any CPU
		{BE90658E-88AC-4BA4-86BD-878B77C6EE24}.Debug|Any CPU.ActiveCfg = Debug|Any CPU
		{BE90658E-88AC-4BA4-86BD-878B77C6EE24}.Debug|Any CPU.Build.0 = Debug|Any CPU
		{BE90658E-88AC-4BA4-86BD-878B77C6EE24}.Release|Any CPU.ActiveCfg = Release|Any CPU
		{BE90658E-88AC-4BA4-86BD-878B77C6EE24}.Release|Any CPU.Build.0 = Release|Any CPU
	EndGlobalSection
	GlobalSection(SolutionProperties) = preSolution
		HideSolutionNode = FALSE
	EndGlobalSection
EndGlobal
